
Microsoft Visual Studio Solution File, Format Version 12.00
# Visual Studio 2013
VisualStudioVersion = 12.0.30501.0
MinimumVisualStudioVersion = 10.0.40219.1
Project("{FAE04EC0-301F-11D3-BF4B-00C04F79EFBC}") = "ScoresWare Desktop", "ScoresWare Desktop\ScoresWare Desktop.csproj", "{BBC01B63-A541-4DC7-91F6-5D14D036D50D}"
EndProject
Project("{E24C65DC-7377-472B-9ABA-BC803B73C61A}") = "WebSiteEvaluaciones", "http://localhost:22680", "{81A3DF16-8301-41FE-9D09-20CAD1130376}"
	ProjectSection(WebsiteProperties) = preProject
		UseIISExpress = "true"
		TargetFrameworkMoniker = ".NETFramework,Version%3Dv4.5"
		Debug.AspNetCompiler.VirtualPath = "/localhost_22680"
		Debug.AspNetCompiler.PhysicalPath = "..\..\WebSites\WebSiteEvaluaciones\"
		Debug.AspNetCompiler.TargetPath = "PrecompiledWeb\localhost_22680\"
		Debug.AspNetCompiler.Updateable = "true"
		Debug.AspNetCompiler.ForceOverwrite = "true"
		Debug.AspNetCompiler.FixedNames = "false"
		Debug.AspNetCompiler.Debug = "True"
		Release.AspNetCompiler.VirtualPath = "/localhost_22680"
		Release.AspNetCompiler.PhysicalPath = "..\..\WebSites\WebSiteEvaluaciones\"
		Release.AspNetCompiler.TargetPath = "PrecompiledWeb\localhost_22680\"
		Release.AspNetCompiler.Updateable = "true"
		Release.AspNetCompiler.ForceOverwrite = "true"
		Release.AspNetCompiler.FixedNames = "false"
		Release.AspNetCompiler.Debug = "False"
		SlnRelativePath = "..\..\WebSites\WebSiteEvaluaciones\"
		DefaultWebSiteLanguage = "Visual C#"
	EndProjectSection
EndProject
Global
	GlobalSection(SolutionConfigurationPlatforms) = preSolution
		Debug|Any CPU = Debug|Any CPU
		Release|Any CPU = Release|Any CPU
	EndGlobalSection
	GlobalSection(ProjectConfigurationPlatforms) = postSolution
		{BBC01B63-A541-4DC7-91F6-5D14D036D50D}.Debug|Any CPU.ActiveCfg = Debug|Any CPU
		{BBC01B63-A541-4DC7-91F6-5D14D036D50D}.Debug|Any CPU.Build.0 = Debug|Any CPU
		{BBC01B63-A541-4DC7-91F6-5D14D036D50D}.Release|Any CPU.ActiveCfg = Release|Any CPU
		{BBC01B63-A541-4DC7-91F6-5D14D036D50D}.Release|Any CPU.Build.0 = Release|Any CPU
		{81A3DF16-8301-41FE-9D09-20CAD1130376}.Debug|Any CPU.ActiveCfg = Debug|Any CPU
		{81A3DF16-8301-41FE-9D09-20CAD1130376}.Debug|Any CPU.Build.0 = Debug|Any CPU
		{81A3DF16-8301-41FE-9D09-20CAD1130376}.Release|Any CPU.ActiveCfg = Debug|Any CPU
		{81A3DF16-8301-41FE-9D09-20CAD1130376}.Release|Any CPU.Build.0 = Debug|Any CPU
	EndGlobalSection
	GlobalSection(SolutionProperties) = preSolution
		HideSolutionNode = FALSE
	EndGlobalSection
EndGlobal
